[[package]]
name = "errors"
version = "0.1.0"

[[package]]
name = "kolga"
version = "0.1.0"
dependencies = [
 "errors 0.1.0",
 "kolgac 0.1.0",
 "types 0.1.0",
 "vm 0.1.0",
]

[[package]]
name = "kolgac"
version = "0.1.0"
dependencies = [
 "errors 0.1.0",
 "vm 0.1.0",
]

[[package]]
name = "types"
version = "0.1.0"
dependencies = [
 "errors 0.1.0",
 "kolgac 0.1.0",
]

[[package]]
name = "vm"
version = "0.1.0"
dependencies = [
 "errors 0.1.0",
]

