[[package]]
name = "errors"
version = "0.1.0"

[[package]]
name = "snow"
version = "0.1.0"
dependencies = [
 "errors 0.1.0",
 "snowc 0.1.0",
 "types 0.1.0",
 "vm 0.1.0",
]

[[package]]
name = "snowc"
version = "0.1.0"
dependencies = [
 "errors 0.1.0",
]

[[package]]
name = "types"
version = "0.1.0"
dependencies = [
 "errors 0.1.0",
 "snowc 0.1.0",
]

[[package]]
name = "vm"
version = "0.1.0"
dependencies = [
 "errors 0.1.0",
]

